
Microsoft Visual Studio Solution File, Format Version 12.00
# Visual Studio Version 16
VisualStudioVersion = 16.0.31729.503
MinimumVisualStudioVersion = 10.0.40219.1
Project("{FAE04EC0-301F-11D3-BF4B-00C04F79EFBC}") = "JsonPatch", "JsonPatch\JsonPatch.csproj", "{5C4D95B4-4402-4802-A850-D702A02F7ACF}"
EndProject
Global
	GlobalSection(SolutionConfigurationPlatforms) = preSolution
		Debug|Any CPU = Debug|Any CPU
		Release|Any CPU = Release|Any CPU
	EndGlobalSection
	GlobalSection(ProjectConfigurationPlatforms) = postSolution
		{5C4D95B4-4402-4802-A850-D702A02F7ACF}.Debug|Any CPU.ActiveCfg = Debug|Any CPU
		{5C4D95B4-4402-4802-A850-D702A02F7ACF}.Debug|Any CPU.Build.0 = Debug|Any CPU
		{5C4D95B4-4402-4802-A850-D702A02F7ACF}.Release|Any CPU.ActiveCfg = Release|Any CPU
		{5C4D95B4-4402-4802-A850-D702A02F7ACF}.Release|Any CPU.Build.0 = Release|Any CPU
	EndGlobalSection
	GlobalSection(SolutionProperties) = preSolution
		HideSolutionNode = FALSE
	EndGlobalSection
	GlobalSection(ExtensibilityGlobals) = postSolution
		SolutionGuid = {1C13FD43-9806-4486-A01E-F6DCA6A40374}
	EndGlobalSection
EndGlobal
